// !$*UTF8*$!
{
	archiveVersion = 1;
	classes = {
	};
	objectVersion = 46;
	objects = {

/* Begin PBXBuildFile section */
		9F134C1115D00E1D0056EE03 /* DatabaseController.m in Sources */ = {isa = PBXBuildFile; fileRef = 9F134C1015D00E1D0056EE03 /* DatabaseController.m */; };
		9F699B1015DA5448005F445C /* MyCutstomViewCell.m in Sources */ = {isa = PBXBuildFile; fileRef = 9F699B0F15DA5448005F445C /* MyCutstomViewCell.m */; };
		BD27828D15D5338100B8788D /* StatsViewController.m in Sources */ = {isa = PBXBuildFile; fileRef = BD27828C15D5338100B8788D /* StatsViewController.m */; };
		BD851B6315CA93C5000BA6F3 /* CaptainIcon.png in Resources */ = {isa = PBXBuildFile; fileRef = BD851B6015CA93C5000BA6F3 /* CaptainIcon.png */; };
		BD851B6415CA93C5000BA6F3 /* ViceCaptainIcon.png in Resources */ = {isa = PBXBuildFile; fileRef = BD851B6115CA93C5000BA6F3 /* ViceCaptainIcon.png */; };
		BD851B6515CA93C5000BA6F3 /* WicketKeeperIcon.png in Resources */ = {isa = PBXBuildFile; fileRef = BD851B6215CA93C5000BA6F3 /* WicketKeeperIcon.png */; };
		BD851B6815CA9CBA000BA6F3 /* captainWicketKeeper.png in Resources */ = {isa = PBXBuildFile; fileRef = BD851B6615CA9CBA000BA6F3 /* captainWicketKeeper.png */; };
		BD851B6915CA9CBA000BA6F3 /* viceCaptainWicketKeeper.png in Resources */ = {isa = PBXBuildFile; fileRef = BD851B6715CA9CBA000BA6F3 /* viceCaptainWicketKeeper.png */; };
		BD966F5615DA6C52006AC0BB /* GameListViewController.m in Sources */ = {isa = PBXBuildFile; fileRef = BD966F5515DA6C51006AC0BB /* GameListViewController.m */; };
		BDA16DB415D02C4000DD9301 /* cricket.db in Resources */ = {isa = PBXBuildFile; fileRef = BDA16DB315D02C4000DD9301 /* cricket.db */; };
		BDA16DB615D030D700DD9301 /* CricketDatabase.sql in Resources */ = {isa = PBXBuildFile; fileRef = BDA16DB515D030D700DD9301 /* CricketDatabase.sql */; };
		BDB0A6C515D966540072341D /* MBProgressHUD.m in Sources */ = {isa = PBXBuildFile; fileRef = BDB0A6C415D966540072341D /* MBProgressHUD.m */; };
		BDD69ED015C81772002FE1CA /* DetailViewController.m in Sources */ = {isa = PBXBuildFile; fileRef = BDD69ECF15C81772002FE1CA /* DetailViewController.m */; };
		BDE2B14215C6AA63009E9F40 /* UIKit.framework in Frameworks */ = {isa = PBXBuildFile; fileRef = BDE2B14115C6AA63009E9F40 /* UIKit.framework */; };
		BDE2B14415C6AA63009E9F40 /* Foundation.framework in Frameworks */ = {isa = PBXBuildFile; fileRef = BDE2B14315C6AA63009E9F40 /* Foundation.framework */; };
		BDE2B14615C6AA63009E9F40 /* CoreGraphics.framework in Frameworks */ = {isa = PBXBuildFile; fileRef = BDE2B14515C6AA63009E9F40 /* CoreGraphics.framework */; };
		BDE2B14C15C6AA63009E9F40 /* InfoPlist.strings in Resources */ = {isa = PBXBuildFile; fileRef = BDE2B14A15C6AA63009E9F40 /* InfoPlist.strings */; };
		BDE2B14E15C6AA63009E9F40 /* main.m in Sources */ = {isa = PBXBuildFile; fileRef = BDE2B14D15C6AA63009E9F40 /* main.m */; };
		BDE2B15215C6AA63009E9F40 /* AppDelegate.m in Sources */ = {isa = PBXBuildFile; fileRef = BDE2B15115C6AA63009E9F40 /* AppDelegate.m */; };
		BDE2B15515C6AA64009E9F40 /* MainStoryboard.storyboard in Resources */ = {isa = PBXBuildFile; fileRef = BDE2B15315C6AA64009E9F40 /* MainStoryboard.storyboard */; };
		BDE2B15815C6AA64009E9F40 /* FirstViewController.m in Sources */ = {isa = PBXBuildFile; fileRef = BDE2B15715C6AA64009E9F40 /* FirstViewController.m */; };
		BDE2B15A15C6AA64009E9F40 /* first.png in Resources */ = {isa = PBXBuildFile; fileRef = BDE2B15915C6AA64009E9F40 /* first.png */; };
		BDE2B15C15C6AA64009E9F40 /* first@2x.png in Resources */ = {isa = PBXBuildFile; fileRef = BDE2B15B15C6AA64009E9F40 /* first@2x.png */; };
		BDE2B15F15C6AA64009E9F40 /* SecondViewController.m in Sources */ = {isa = PBXBuildFile; fileRef = BDE2B15E15C6AA64009E9F40 /* SecondViewController.m */; };
		BDE2B16115C6AA64009E9F40 /* second.png in Resources */ = {isa = PBXBuildFile; fileRef = BDE2B16015C6AA64009E9F40 /* second.png */; };
		BDE2B16315C6AA64009E9F40 /* second@2x.png in Resources */ = {isa = PBXBuildFile; fileRef = BDE2B16215C6AA64009E9F40 /* second@2x.png */; };
		BDE2B16B15C6AA64009E9F40 /* SenTestingKit.framework in Frameworks */ = {isa = PBXBuildFile; fileRef = BDE2B16A15C6AA64009E9F40 /* SenTestingKit.framework */; };
		BDE2B16C15C6AA64009E9F40 /* UIKit.framework in Frameworks */ = {isa = PBXBuildFile; fileRef = BDE2B14115C6AA63009E9F40 /* UIKit.framework */; };
		BDE2B16D15C6AA64009E9F40 /* Foundation.framework in Frameworks */ = {isa = PBXBuildFile; fileRef = BDE2B14315C6AA63009E9F40 /* Foundation.framework */; };
		BDE2B17515C6AA64009E9F40 /* InfoPlist.strings in Resources */ = {isa = PBXBuildFile; fileRef = BDE2B17315C6AA64009E9F40 /* InfoPlist.strings */; };
		BDE2B17815C6AA64009E9F40 /* CricketApplicationTests.m in Sources */ = {isa = PBXBuildFile; fileRef = BDE2B17715C6AA64009E9F40 /* CricketApplicationTests.m */; };
		BDE2B18A15C6AD9C009E9F40 /* awayLoser.png in Resources */ = {isa = PBXBuildFile; fileRef = BDE2B18215C6AD9C009E9F40 /* awayLoser.png */; };
		BDE2B18B15C6AD9C009E9F40 /* awayWinner.png in Resources */ = {isa = PBXBuildFile; fileRef = BDE2B18315C6AD9C009E9F40 /* awayWinner.png */; };
		BDE2B18C15C6AD9C009E9F40 /* battingSelected.png in Resources */ = {isa = PBXBuildFile; fileRef = BDE2B18415C6AD9C009E9F40 /* battingSelected.png */; };
		BDE2B18D15C6AD9C009E9F40 /* battingUnselected.png in Resources */ = {isa = PBXBuildFile; fileRef = BDE2B18515C6AD9C009E9F40 /* battingUnselected.png */; };
		BDE2B18E15C6AD9C009E9F40 /* fieldingSelected.png in Resources */ = {isa = PBXBuildFile; fileRef = BDE2B18615C6AD9C009E9F40 /* fieldingSelected.png */; };
		BDE2B18F15C6AD9C009E9F40 /* fieldingUnselected.png in Resources */ = {isa = PBXBuildFile; fileRef = BDE2B18715C6AD9C009E9F40 /* fieldingUnselected.png */; };
		BDE2B19015C6AD9C009E9F40 /* homeLoser.png in Resources */ = {isa = PBXBuildFile; fileRef = BDE2B18815C6AD9C009E9F40 /* homeLoser.png */; };
		BDE2B19115C6AD9C009E9F40 /* homeWinner.png in Resources */ = {isa = PBXBuildFile; fileRef = BDE2B18915C6AD9C009E9F40 /* homeWinner.png */; };
		CE19D6FC15C7F27E0023B990 /* ThirdViewController.m in Sources */ = {isa = PBXBuildFile; fileRef = CE19D6FB15C7F27E0023B990 /* ThirdViewController.m */; };
		CE19D70015C81A260023B990 /* libsqlite3.dylib in Frameworks */ = {isa = PBXBuildFile; fileRef = CE19D6FF15C81A260023B990 /* libsqlite3.dylib */; settings = {ATTRIBUTES = (Required, ); }; };
		CE19D70215C81B500023B990 /* libsqlite3.0.dylib in Frameworks */ = {isa = PBXBuildFile; fileRef = CE19D70115C81B500023B990 /* libsqlite3.0.dylib */; };
/* End PBXBuildFile section */

/* Begin PBXContainerItemProxy section */
		BDE2B16E15C6AA64009E9F40 /* PBXContainerItemProxy */ = {
			isa = PBXContainerItemProxy;
			containerPortal = BDE2B13415C6AA63009E9F40 /* Project object */;
			proxyType = 1;
			remoteGlobalIDString = BDE2B13C15C6AA63009E9F40;
			remoteInfo = CricketApplication;
		};
/* End PBXContainerItemProxy section */

/* Begin PBXFileReference section */
		9F134C0F15D00E1D0056EE03 /* DatabaseController.h */ = {isa = PBXFileReference; fileEncoding = 4; lastKnownFileType = sourcecode.c.h; name = DatabaseController.h; path = CricketApplication/DatabaseController.h; sourceTree = "<group>"; };
		9F134C1015D00E1D0056EE03 /* DatabaseController.m */ = {isa = PBXFileReference; fileEncoding = 4; lastKnownFileType = sourcecode.c.objc; name = DatabaseController.m; path = CricketApplication/DatabaseController.m; sourceTree = "<group>"; };
		9F699B0E15DA5448005F445C /* MyCutstomViewCell.h */ = {isa = PBXFileReference; fileEncoding = 4; lastKnownFileType = sourcecode.c.h; path = MyCutstomViewCell.h; sourceTree = "<group>"; };
		9F699B0F15DA5448005F445C /* MyCutstomViewCell.m */ = {isa = PBXFileReference; fileEncoding = 4; lastKnownFileType = sourcecode.c.objc; path = MyCutstomViewCell.m; sourceTree = "<group>"; };
		BD27828B15D5338100B8788D /* StatsViewController.h */ = {isa = PBXFileReference; fileEncoding = 4; lastKnownFileType = sourcecode.c.h; path = StatsViewController.h; sourceTree = "<group>"; };
		BD27828C15D5338100B8788D /* StatsViewController.m */ = {isa = PBXFileReference; fileEncoding = 4; lastKnownFileType = sourcecode.c.objc; path = StatsViewController.m; sourceTree = "<group>"; };
		BD851B6015CA93C5000BA6F3 /* CaptainIcon.png */ = {isa = PBXFileReference; lastKnownFileType = image.png; path = CaptainIcon.png; sourceTree = "<group>"; };
		BD851B6115CA93C5000BA6F3 /* ViceCaptainIcon.png */ = {isa = PBXFileReference; lastKnownFileType = image.png; path = ViceCaptainIcon.png; sourceTree = "<group>"; };
		BD851B6215CA93C5000BA6F3 /* WicketKeeperIcon.png */ = {isa = PBXFileReference; lastKnownFileType = image.png; path = WicketKeeperIcon.png; sourceTree = "<group>"; };
		BD851B6615CA9CBA000BA6F3 /* captainWicketKeeper.png */ = {isa = PBXFileReference; lastKnownFileType = image.png; path = captainWicketKeeper.png; sourceTree = "<group>"; };
		BD851B6715CA9CBA000BA6F3 /* viceCaptainWicketKeeper.png */ = {isa = PBXFileReference; lastKnownFileType = image.png; path = viceCaptainWicketKeeper.png; sourceTree = "<group>"; };
		BD966F5415DA6C51006AC0BB /* GameListViewController.h */ = {isa = PBXFileReference; fileEncoding = 4; lastKnownFileType = sourcecode.c.h; path = GameListViewController.h; sourceTree = "<group>"; };
		BD966F5515DA6C51006AC0BB /* GameListViewController.m */ = {isa = PBXFileReference; fileEncoding = 4; lastKnownFileType = sourcecode.c.objc; path = GameListViewController.m; sourceTree = "<group>"; };
		BDA16DB315D02C4000DD9301 /* cricket.db */ = {isa = PBXFileReference; lastKnownFileType = file; name = cricket.db; path = CricketApplication/cricket.db; sourceTree = "<group>"; };
		BDA16DB515D030D700DD9301 /* CricketDatabase.sql */ = {isa = PBXFileReference; fileEncoding = 4; lastKnownFileType = text; name = CricketDatabase.sql; path = CricketApplication/CricketDatabase.sql; sourceTree = "<group>"; };
		BDB0A6C315D966540072341D /* MBProgressHUD.h */ = {isa = PBXFileReference; fileEncoding = 4; lastKnownFileType = sourcecode.c.h; path = MBProgressHUD.h; sourceTree = "<group>"; };
		BDB0A6C415D966540072341D /* MBProgressHUD.m */ = {isa = PBXFileReference; fileEncoding = 4; lastKnownFileType = sourcecode.c.objc; path = MBProgressHUD.m; sourceTree = "<group>"; };
		BDD69ECE15C81772002FE1CA /* DetailViewController.h */ = {isa = PBXFileReference; fileEncoding = 4; lastKnownFileType = sourcecode.c.h; path = DetailViewController.h; sourceTree = "<group>"; };
		BDD69ECF15C81772002FE1CA /* DetailViewController.m */ = {isa = PBXFileReference; fileEncoding = 4; lastKnownFileType = sourcecode.c.objc; path = DetailViewController.m; sourceTree = "<group>"; };
		BDE2B13D15C6AA63009E9F40 /* CricketApplication.app */ = {isa = PBXFileReference; explicitFileType = wrapper.application; includeInIndex = 0; path = CricketApplication.app; sourceTree = BUILT_PRODUCTS_DIR; };
		BDE2B14115C6AA63009E9F40 /* UIKit.framework */ = {isa = PBXFileReference; lastKnownFileType = wrapper.framework; name = UIKit.framework; path = System/Library/Frameworks/UIKit.framework; sourceTree = SDKROOT; };
		BDE2B14315C6AA63009E9F40 /* Foundation.framework */ = {isa = PBXFileReference; lastKnownFileType = wrapper.framework; name = Foundation.framework; path = System/Library/Frameworks/Foundation.framework; sourceTree = SDKROOT; };
		BDE2B14515C6AA63009E9F40 /* CoreGraphics.framework */ = {isa = PBXFileReference; lastKnownFileType = wrapper.framework; name = CoreGraphics.framework; path = System/Library/Frameworks/CoreGraphics.framework; sourceTree = SDKROOT; };
		BDE2B14915C6AA63009E9F40 /* CricketApplication-Info.plist */ = {isa = PBXFileReference; lastKnownFileType = text.plist.xml; path = "CricketApplication-Info.plist"; sourceTree = "<group>"; };
		BDE2B14B15C6AA63009E9F40 /* en */ = {isa = PBXFileReference; lastKnownFileType = text.plist.strings; name = en; path = en.lproj/InfoPlist.strings; sourceTree = "<group>"; };
		BDE2B14D15C6AA63009E9F40 /* main.m */ = {isa = PBXFileReference; lastKnownFileType = sourcecode.c.objc; path = main.m; sourceTree = "<group>"; };
		BDE2B14F15C6AA63009E9F40 /* CricketApplication-Prefix.pch */ = {isa = PBXFileReference; lastKnownFileType = sourcecode.c.h; path = "CricketApplication-Prefix.pch"; sourceTree = "<group>"; };
		BDE2B15015C6AA63009E9F40 /* AppDelegate.h */ = {isa = PBXFileReference; lastKnownFileType = sourcecode.c.h; path = AppDelegate.h; sourceTree = "<group>"; };
		BDE2B15115C6AA63009E9F40 /* AppDelegate.m */ = {isa = PBXFileReference; lastKnownFileType = sourcecode.c.objc; path = AppDelegate.m; sourceTree = "<group>"; };
		BDE2B15415C6AA64009E9F40 /* en */ = {isa = PBXFileReference; lastKnownFileType = file.storyboard; name = en; path = en.lproj/MainStoryboard.storyboard; sourceTree = "<group>"; };
		BDE2B15615C6AA64009E9F40 /* FirstViewController.h */ = {isa = PBXFileReference; lastKnownFileType = sourcecode.c.h; path = FirstViewController.h; sourceTree = "<group>"; };
		BDE2B15715C6AA64009E9F40 /* FirstViewController.m */ = {isa = PBXFileReference; lastKnownFileType = sourcecode.c.objc; path = FirstViewController.m; sourceTree = "<group>"; };
		BDE2B15915C6AA64009E9F40 /* first.png */ = {isa = PBXFileReference; lastKnownFileType = image.png; path = first.png; sourceTree = "<group>"; };
		BDE2B15B15C6AA64009E9F40 /* first@2x.png */ = {isa = PBXFileReference; lastKnownFileType = image.png; path = "first@2x.png"; sourceTree = "<group>"; };
		BDE2B15D15C6AA64009E9F40 /* SecondViewController.h */ = {isa = PBXFileReference; lastKnownFileType = sourcecode.c.h; path = SecondViewController.h; sourceTree = "<group>"; };
		BDE2B15E15C6AA64009E9F40 /* SecondViewController.m */ = {isa = PBXFileReference; lastKnownFileType = sourcecode.c.objc; path = SecondViewController.m; sourceTree = "<group>"; };
		BDE2B16015C6AA64009E9F40 /* second.png */ = {isa = PBXFileReference; lastKnownFileType = image.png; path = second.png; sourceTree = "<group>"; };
		BDE2B16215C6AA64009E9F40 /* second@2x.png */ = {isa = PBXFileReference; lastKnownFileType = image.png; path = "second@2x.png"; sourceTree = "<group>"; };
		BDE2B16915C6AA64009E9F40 /* CricketApplicationTests.octest */ = {isa = PBXFileReference; explicitFileType = wrapper.cfbundle; includeInIndex = 0; path = CricketApplicationTests.octest; sourceTree = BUILT_PRODUCTS_DIR; };
		BDE2B16A15C6AA64009E9F40 /* SenTestingKit.framework */ = {isa = PBXFileReference; lastKnownFileType = wrapper.framework; name = SenTestingKit.framework; path = Library/Frameworks/SenTestingKit.framework; sourceTree = DEVELOPER_DIR; };
		BDE2B17215C6AA64009E9F40 /* CricketApplicationTests-Info.plist */ = {isa = PBXFileReference; lastKnownFileType = text.plist.xml; path = "CricketApplicationTests-Info.plist"; sourceTree = "<group>"; };
		BDE2B17415C6AA64009E9F40 /* en */ = {isa = PBXFileReference; lastKnownFileType = text.plist.strings; name = en; path = en.lproj/InfoPlist.strings; sourceTree = "<group>"; };
		BDE2B17615C6AA64009E9F40 /* CricketApplicationTests.h */ = {isa = PBXFileReference; lastKnownFileType = sourcecode.c.h; path = CricketApplicationTests.h; sourceTree = "<group>"; };
		BDE2B17715C6AA64009E9F40 /* CricketApplicationTests.m */ = {isa = PBXFileReference; lastKnownFileType = sourcecode.c.objc; path = CricketApplicationTests.m; sourceTree = "<group>"; };
		BDE2B18215C6AD9C009E9F40 /* awayLoser.png */ = {isa = PBXFileReference; lastKnownFileType = image.png; path = awayLoser.png; sourceTree = "<group>"; };
		BDE2B18315C6AD9C009E9F40 /* awayWinner.png */ = {isa = PBXFileReference; lastKnownFileType = image.png; path = awayWinner.png; sourceTree = "<group>"; };
		BDE2B18415C6AD9C009E9F40 /* battingSelected.png */ = {isa = PBXFileReference; lastKnownFileType = image.png; path = battingSelected.png; sourceTree = "<group>"; };
		BDE2B18515C6AD9C009E9F40 /* battingUnselected.png */ = {isa = PBXFileReference; lastKnownFileType = image.png; path = battingUnselected.png; sourceTree = "<group>"; };
		BDE2B18615C6AD9C009E9F40 /* fieldingSelected.png */ = {isa = PBXFileReference; lastKnownFileType = image.png; path = fieldingSelected.png; sourceTree = "<group>"; };
		BDE2B18715C6AD9C009E9F40 /* fieldingUnselected.png */ = {isa = PBXFileReference; lastKnownFileType = image.png; path = fieldingUnselected.png; sourceTree = "<group>"; };
		BDE2B18815C6AD9C009E9F40 /* homeLoser.png */ = {isa = PBXFileReference; lastKnownFileType = image.png; path = homeLoser.png; sourceTree = "<group>"; };
		BDE2B18915C6AD9C009E9F40 /* homeWinner.png */ = {isa = PBXFileReference; lastKnownFileType = image.png; path = homeWinner.png; sourceTree = "<group>"; };
		CE19D6FA15C7F27E0023B990 /* ThirdViewController.h */ = {isa = PBXFileReference; fileEncoding = 4; lastKnownFileType = sourcecode.c.h; path = ThirdViewController.h; sourceTree = "<group>"; };
		CE19D6FB15C7F27E0023B990 /* ThirdViewController.m */ = {isa = PBXFileReference; fileEncoding = 4; lastKnownFileType = sourcecode.c.objc; path = ThirdViewController.m; sourceTree = "<group>"; };
		CE19D6FF15C81A260023B990 /* libsqlite3.dylib */ = {isa = PBXFileReference; lastKnownFileType = "compiled.mach-o.dylib"; name = libsqlite3.dylib; path = usr/lib/libsqlite3.dylib; sourceTree = SDKROOT; };
		CE19D70115C81B500023B990 /* libsqlite3.0.dylib */ = {isa = PBXFileReference; lastKnownFileType = "compiled.mach-o.dylib"; name = libsqlite3.0.dylib; path = usr/lib/libsqlite3.0.dylib; sourceTree = SDKROOT; };
/* End PBXFileReference section */

/* Begin PBXFrameworksBuildPhase section */
		BDE2B13A15C6AA63009E9F40 /* Frameworks */ = {
			isa = PBXFrameworksBuildPhase;
			buildActionMask = 2147483647;
			files = (
				CE19D70215C81B500023B990 /* libsqlite3.0.dylib in Frameworks */,
				CE19D70015C81A260023B990 /* libsqlite3.dylib in Frameworks */,
				BDE2B14215C6AA63009E9F40 /* UIKit.framework in Frameworks */,
				BDE2B14415C6AA63009E9F40 /* Foundation.framework in Frameworks */,
				BDE2B14615C6AA63009E9F40 /* CoreGraphics.framework in Frameworks */,
			);
			runOnlyForDeploymentPostprocessing = 0;
		};
		BDE2B16515C6AA64009E9F40 /* Frameworks */ = {
			isa = PBXFrameworksBuildPhase;
			buildActionMask = 2147483647;
			files = (
				BDE2B16B15C6AA64009E9F40 /* SenTestingKit.framework in Frameworks */,
				BDE2B16C15C6AA64009E9F40 /* UIKit.framework in Frameworks */,
				BDE2B16D15C6AA64009E9F40 /* Foundation.framework in Frameworks */,
			);
			runOnlyForDeploymentPostprocessing = 0;
		};
/* End PBXFrameworksBuildPhase section */

/* Begin PBXGroup section */
		9F42936A15D9419C00457E7B /* FourthTab */ = {
			isa = PBXGroup;
			children = (
				9F699B0E15DA5448005F445C /* MyCutstomViewCell.h */,
				9F699B0F15DA5448005F445C /* MyCutstomViewCell.m */,
			);
			name = FourthTab;
			sourceTree = "<group>";
		};
		BD966F5715DA6DB4006AC0BB /* Game List View */ = {
			isa = PBXGroup;
			children = (
				BD966F5415DA6C51006AC0BB /* GameListViewController.h */,
				BD966F5515DA6C51006AC0BB /* GameListViewController.m */,
			);
			name = "Game List View";
			sourceTree = "<group>";
		};
		BDA16D9F15D00A1600DD9301 /* Database */ = {
			isa = PBXGroup;
			children = (
				BDA16DB515D030D700DD9301 /* CricketDatabase.sql */,
				BDA16DB315D02C4000DD9301 /* cricket.db */,
				9F134C0F15D00E1D0056EE03 /* DatabaseController.h */,
				9F134C1015D00E1D0056EE03 /* DatabaseController.m */,
			);
			name = Database;
			path = ..;
			sourceTree = "<group>";
		};
		BDE2B13215C6AA63009E9F40 = {
			isa = PBXGroup;
			children = (
				BDE2B14715C6AA63009E9F40 /* CricketApplication */,
				BDE2B17015C6AA64009E9F40 /* CricketApplicationTests */,
				BDE2B14015C6AA63009E9F40 /* Frameworks */,
				BDE2B13E15C6AA63009E9F40 /* Products */,
			);
			sourceTree = "<group>";
		};
		BDE2B13E15C6AA63009E9F40 /* Products */ = {
			isa = PBXGroup;
			children = (
				BDE2B13D15C6AA63009E9F40 /* CricketApplication.app */,
				BDE2B16915C6AA64009E9F40 /* CricketApplicationTests.octest */,
			);
			name = Products;
			sourceTree = "<group>";
		};
		BDE2B14015C6AA63009E9F40 /* Frameworks */ = {
			isa = PBXGroup;
			children = (
				CE19D6FF15C81A260023B990 /* libsqlite3.dylib */,
				CE19D70115C81B500023B990 /* libsqlite3.0.dylib */,
				BDE2B14115C6AA63009E9F40 /* UIKit.framework */,
				BDE2B14315C6AA63009E9F40 /* Foundation.framework */,
				BDE2B14515C6AA63009E9F40 /* CoreGraphics.framework */,
				BDE2B16A15C6AA64009E9F40 /* SenTestingKit.framework */,
			);
			name = Frameworks;
			sourceTree = "<group>";
		};
		BDE2B14715C6AA63009E9F40 /* CricketApplication */ = {
			isa = PBXGroup;
			children = (
				BDA16D9F15D00A1600DD9301 /* Database */,
				BDE2B15315C6AA64009E9F40 /* MainStoryboard.storyboard */,
				BD966F5715DA6DB4006AC0BB /* Game List View */,
				BDE2B19215C6ADBA009E9F40 /* FirstTab */,
				BDE2B19315C6ADCD009E9F40 /* SecondTab */,
				CE19D6F815C7F25D0023B990 /* ThirdTab */,
				9F42936A15D9419C00457E7B /* FourthTab */,
				BDE2B19415C6ADDF009E9F40 /* Delegate */,
				BDE2B18115C6AD8C009E9F40 /* Images */,
				BDE2B14815C6AA63009E9F40 /* Supporting Files */,
			);
			path = CricketApplication;
			sourceTree = "<group>";
		};
		BDE2B14815C6AA63009E9F40 /* Supporting Files */ = {
			isa = PBXGroup;
			children = (
				BDB0A6C315D966540072341D /* MBProgressHUD.h */,
				BDB0A6C415D966540072341D /* MBProgressHUD.m */,
				BDE2B14915C6AA63009E9F40 /* CricketApplication-Info.plist */,
				BDE2B14A15C6AA63009E9F40 /* InfoPlist.strings */,
				BDE2B14D15C6AA63009E9F40 /* main.m */,
				BDE2B14F15C6AA63009E9F40 /* CricketApplication-Prefix.pch */,
			);
			name = "Supporting Files";
			sourceTree = "<group>";
		};
		BDE2B17015C6AA64009E9F40 /* CricketApplicationTests */ = {
			isa = PBXGroup;
			children = (
				BDE2B17615C6AA64009E9F40 /* CricketApplicationTests.h */,
				BDE2B17715C6AA64009E9F40 /* CricketApplicationTests.m */,
				BDE2B17115C6AA64009E9F40 /* Supporting Files */,
			);
			path = CricketApplicationTests;
			sourceTree = "<group>";
		};
		BDE2B17115C6AA64009E9F40 /* Supporting Files */ = {
			isa = PBXGroup;
			children = (
				BDE2B17215C6AA64009E9F40 /* CricketApplicationTests-Info.plist */,
				BDE2B17315C6AA64009E9F40 /* InfoPlist.strings */,
			);
			name = "Supporting Files";
			sourceTree = "<group>";
		};
		BDE2B18115C6AD8C009E9F40 /* Images */ = {
			isa = PBXGroup;
			children = (
				BD851B6615CA9CBA000BA6F3 /* captainWicketKeeper.png */,
				BD851B6715CA9CBA000BA6F3 /* viceCaptainWicketKeeper.png */,
				BD851B6015CA93C5000BA6F3 /* CaptainIcon.png */,
				BD851B6115CA93C5000BA6F3 /* ViceCaptainIcon.png */,
				BD851B6215CA93C5000BA6F3 /* WicketKeeperIcon.png */,
				BDE2B15915C6AA64009E9F40 /* first.png */,
				BDE2B15B15C6AA64009E9F40 /* first@2x.png */,
				BDE2B16015C6AA64009E9F40 /* second.png */,
				BDE2B16215C6AA64009E9F40 /* second@2x.png */,
				BDE2B18215C6AD9C009E9F40 /* awayLoser.png */,
				BDE2B18315C6AD9C009E9F40 /* awayWinner.png */,
				BDE2B18415C6AD9C009E9F40 /* battingSelected.png */,
				BDE2B18515C6AD9C009E9F40 /* battingUnselected.png */,
				BDE2B18615C6AD9C009E9F40 /* fieldingSelected.png */,
				BDE2B18715C6AD9C009E9F40 /* fieldingUnselected.png */,
				BDE2B18815C6AD9C009E9F40 /* homeLoser.png */,
				BDE2B18915C6AD9C009E9F40 /* homeWinner.png */,
			);
			name = Images;
			sourceTree = "<group>";
		};
		BDE2B19215C6ADBA009E9F40 /* FirstTab */ = {
			isa = PBXGroup;
			children = (
				BDE2B15615C6AA64009E9F40 /* FirstViewController.h */,
				BDE2B15715C6AA64009E9F40 /* FirstViewController.m */,
			);
			name = FirstTab;
			sourceTree = "<group>";
		};
		BDE2B19315C6ADCD009E9F40 /* SecondTab */ = {
			isa = PBXGroup;
			children = (
				BDE2B15D15C6AA64009E9F40 /* SecondViewController.h */,
				BDE2B15E15C6AA64009E9F40 /* SecondViewController.m */,
				BDD69ECE15C81772002FE1CA /* DetailViewController.h */,
				BDD69ECF15C81772002FE1CA /* DetailViewController.m */,
				BD27828B15D5338100B8788D /* StatsViewController.h */,
				BD27828C15D5338100B8788D /* StatsViewController.m */,
			);
			name = SecondTab;
			sourceTree = "<group>";
		};
		BDE2B19415C6ADDF009E9F40 /* Delegate */ = {
			isa = PBXGroup;
			children = (
				BDE2B15015C6AA63009E9F40 /* AppDelegate.h */,
				BDE2B15115C6AA63009E9F40 /* AppDelegate.m */,
			);
			name = Delegate;
			sourceTree = "<group>";
		};
		CE19D6F815C7F25D0023B990 /* ThirdTab */ = {
			isa = PBXGroup;
			children = (
				CE19D6FA15C7F27E0023B990 /* ThirdViewController.h */,
				CE19D6FB15C7F27E0023B990 /* ThirdViewController.m */,
			);
			name = ThirdTab;
			sourceTree = "<group>";
		};
/* End PBXGroup section */

/* Begin PBXNativeTarget section */
		BDE2B13C15C6AA63009E9F40 /* CricketApplication */ = {
			isa = PBXNativeTarget;
			buildConfigurationList = BDE2B17B15C6AA64009E9F40 /* Build configuration list for PBXNativeTarget "CricketApplication" */;
			buildPhases = (
				BDE2B13915C6AA63009E9F40 /* Sources */,
				BDE2B13A15C6AA63009E9F40 /* Frameworks */,
				BDE2B13B15C6AA63009E9F40 /* Resources */,
			);
			buildRules = (
			);
			dependencies = (
			);
			name = CricketApplication;
			productName = CricketApplication;
			productReference = BDE2B13D15C6AA63009E9F40 /* CricketApplication.app */;
			productType = "com.apple.product-type.application";
		};
		BDE2B16815C6AA64009E9F40 /* CricketApplicationTests */ = {
			isa = PBXNativeTarget;
			buildConfigurationList = BDE2B17E15C6AA65009E9F40 /* Build configuration list for PBXNativeTarget "CricketApplicationTests" */;
			buildPhases = (
				BDE2B16415C6AA64009E9F40 /* Sources */,
				BDE2B16515C6AA64009E9F40 /* Frameworks */,
				BDE2B16615C6AA64009E9F40 /* Resources */,
				BDE2B16715C6AA64009E9F40 /* ShellScript */,
			);
			buildRules = (
			);
			dependencies = (
				BDE2B16F15C6AA64009E9F40 /* PBXTargetDependency */,
			);
			name = CricketApplicationTests;
			productName = CricketApplicationTests;
			productReference = BDE2B16915C6AA64009E9F40 /* CricketApplicationTests.octest */;
			productType = "com.apple.product-type.bundle";
		};
/* End PBXNativeTarget section */

/* Begin PBXProject section */
		BDE2B13415C6AA63009E9F40 /* Project object */ = {
			isa = PBXProject;
			attributes = {
				LastUpgradeCheck = 0440;
				ORGANIZATIONNAME = JMoni;
			};
			buildConfigurationList = BDE2B13715C6AA63009E9F40 /* Build configuration list for PBXProject "CricketApplication" */;
			compatibilityVersion = "Xcode 3.2";
			developmentRegion = English;
			hasScannedForEncodings = 0;
			knownRegions = (
				en,
			);
			mainGroup = BDE2B13215C6AA63009E9F40;
			productRefGroup = BDE2B13E15C6AA63009E9F40 /* Products */;
			projectDirPath = "";
			projectRoot = "";
			targets = (
				BDE2B13C15C6AA63009E9F40 /* CricketApplication */,
				BDE2B16815C6AA64009E9F40 /* CricketApplicationTests */,
			);
		};
/* End PBXProject section */

/* Begin PBXResourcesBuildPhase section */
		BDE2B13B15C6AA63009E9F40 /* Resources */ = {
			isa = PBXResourcesBuildPhase;
			buildActionMask = 2147483647;
			files = (
				BDE2B14C15C6AA63009E9F40 /* InfoPlist.strings in Resources */,
				BDE2B15515C6AA64009E9F40 /* MainStoryboard.storyboard in Resources */,
				BDE2B15A15C6AA64009E9F40 /* first.png in Resources */,
				BDE2B15C15C6AA64009E9F40 /* first@2x.png in Resources */,
				BDE2B16115C6AA64009E9F40 /* second.png in Resources */,
				BDE2B16315C6AA64009E9F40 /* second@2x.png in Resources */,
				BDE2B18A15C6AD9C009E9F40 /* awayLoser.png in Resources */,
				BDE2B18B15C6AD9C009E9F40 /* awayWinner.png in Resources */,
				BDE2B18C15C6AD9C009E9F40 /* battingSelected.png in Resources */,
				BDE2B18D15C6AD9C009E9F40 /* battingUnselected.png in Resources */,
				BDE2B18E15C6AD9C009E9F40 /* fieldingSelected.png in Resources */,
				BDE2B18F15C6AD9C009E9F40 /* fieldingUnselected.png in Resources */,
				BDE2B19015C6AD9C009E9F40 /* homeLoser.png in Resources */,
				BDE2B19115C6AD9C009E9F40 /* homeWinner.png in Resources */,
				BD851B6315CA93C5000BA6F3 /* CaptainIcon.png in Resources */,
				BD851B6415CA93C5000BA6F3 /* ViceCaptainIcon.png in Resources */,
				BD851B6515CA93C5000BA6F3 /* WicketKeeperIcon.png in Resources */,
				BD851B6815CA9CBA000BA6F3 /* captainWicketKeeper.png in Resources */,
				BD851B6915CA9CBA000BA6F3 /* viceCaptainWicketKeeper.png in Resources */,
				BDA16DB415D02C4000DD9301 /* cricket.db in Resources */,
				BDA16DB615D030D700DD9301 /* CricketDatabase.sql in Resources */,
			);
			runOnlyForDeploymentPostprocessing = 0;
		};
		BDE2B16615C6AA64009E9F40 /* Resources */ = {
			isa = PBXResourcesBuildPhase;
			buildActionMask = 2147483647;
			files = (
				BDE2B17515C6AA64009E9F40 /* InfoPlist.strings in Resources */,
			);
			runOnlyForDeploymentPostprocessing = 0;
		};
/* End PBXResourcesBuildPhase section */

/* Begin PBXShellScriptBuildPhase section */
		BDE2B16715C6AA64009E9F40 /* ShellScript */ = {
			isa = PBXShellScriptBuildPhase;
			buildActionMask = 2147483647;
			files = (
			);
			inputPaths = (
			);
			outputPaths = (
			);
			runOnlyForDeploymentPostprocessing = 0;
			shellPath = /bin/sh;
			shellScript = "# Run the unit tests in this test bundle.\n\"${SYSTEM_DEVELOPER_DIR}/Tools/RunUnitTests\"\n";
		};
/* End PBXShellScriptBuildPhase section */

/* Begin PBXSourcesBuildPhase section */
		BDE2B13915C6AA63009E9F40 /* Sources */ = {
			isa = PBXSourcesBuildPhase;
			buildActionMask = 2147483647;
			files = (
				BDE2B14E15C6AA63009E9F40 /* main.m in Sources */,
				BDE2B15215C6AA63009E9F40 /* AppDelegate.m in Sources */,
				BDE2B15815C6AA64009E9F40 /* FirstViewController.m in Sources */,
				BDE2B15F15C6AA64009E9F40 /* SecondViewController.m in Sources */,
				CE19D6FC15C7F27E0023B990 /* ThirdViewController.m in Sources */,
				BDD69ED015C81772002FE1CA /* DetailViewController.m in Sources */,
				9F134C1115D00E1D0056EE03 /* DatabaseController.m in Sources */,
				BD27828D15D5338100B8788D /* StatsViewController.m in Sources */,
				BDB0A6C515D966540072341D /* MBProgressHUD.m in Sources */,
				9F699B1015DA5448005F445C /* MyCutstomViewCell.m in Sources */,
				BD966F5615DA6C52006AC0BB /* GameListViewController.m in Sources */,
			);
			runOnlyForDeploymentPostprocessing = 0;
		};
		BDE2B16415C6AA64009E9F40 /* Sources */ = {
			isa = PBXSourcesBuildPhase;
			buildActionMask = 2147483647;
			files = (
				BDE2B17815C6AA64009E9F40 /* CricketApplicationTests.m in Sources */,
			);
			runOnlyForDeploymentPostprocessing = 0;
		};
/* End PBXSourcesBuildPhase section */

/* Begin PBXTargetDependency section */
		BDE2B16F15C6AA64009E9F40 /* PBXTargetDependency */ = {
			isa = PBXTargetDependency;
			target = BDE2B13C15C6AA63009E9F40 /* CricketApplication */;
			targetProxy = BDE2B16E15C6AA64009E9F40 /* PBXContainerItemProxy */;
		};
/* End PBXTargetDependency section */

/* Begin PBXVariantGroup section */
		BDE2B14A15C6AA63009E9F40 /* InfoPlist.strings */ = {
			isa = PBXVariantGroup;
			children = (
				BDE2B14B15C6AA63009E9F40 /* en */,
			);
			name = InfoPlist.strings;
			sourceTree = "<group>";
		};
		BDE2B15315C6AA64009E9F40 /* MainStoryboard.storyboard */ = {
			isa = PBXVariantGroup;
			children = (
				BDE2B15415C6AA64009E9F40 /* en */,
			);
			name = MainStoryboard.storyboard;
			sourceTree = "<group>";
		};
		BDE2B17315C6AA64009E9F40 /* InfoPlist.strings */ = {
			isa = PBXVariantGroup;
			children = (
				BDE2B17415C6AA64009E9F40 /* en */,
			);
			name = InfoPlist.strings;
			sourceTree = "<group>";
		};
/* End PBXVariantGroup section */

/* Begin XCBuildConfiguration section */
		BDE2B17915C6AA64009E9F40 /* Debug */ = {
			isa = XCBuildConfiguration;
			buildSettings = {
				ALWAYS_SEARCH_USER_PATHS = NO;
				ARCHS = "$(ARCHS_STANDARD_32_BIT)";
				CLANG_CXX_LANGUAGE_STANDARD = "gnu++0x";
				CLANG_ENABLE_OBJC_ARC = YES;
				CLANG_WARN__DUPLICATE_METHOD_MATCH = YES;
				"CODE_SIGN_IDENTITY[sdk=iphoneos*]" = "iPhone Developer";
				COPY_PHASE_STRIP = NO;
				GCC_C_LANGUAGE_STANDARD = gnu99;
				GCC_DYNAMIC_NO_PIC = NO;
				GCC_OPTIMIZATION_LEVEL = 0;
				GCC_PREPROCESSOR_DEFINITIONS = (
					"DEBUG=1",
					"$(inherited)",
				);
				GCC_SYMBOLS_PRIVATE_EXTERN = NO;
				GCC_VERSION = com.apple.compilers.llvm.clang.1_0;
				GCC_WARN_ABOUT_RETURN_TYPE = YES;
				GCC_WARN_UNINITIALIZED_AUTOS = YES;
				GCC_WARN_UNUSED_VARIABLE = YES;
				IPHONEOS_DEPLOYMENT_TARGET = 5.1;
				SDKROOT = iphoneos;
			};
			name = Debug;
		};
		BDE2B17A15C6AA64009E9F40 /* Release */ = {
			isa = XCBuildConfiguration;
			buildSettings = {
				ALWAYS_SEARCH_USER_PATHS = NO;
				ARCHS = "$(ARCHS_STANDARD_32_BIT)";
				CLANG_CXX_LANGUAGE_STANDARD = "gnu++0x";
				CLANG_ENABLE_OBJC_ARC = YES;
				CLANG_WARN__DUPLICATE_METHOD_MATCH = YES;
				"CODE_SIGN_IDENTITY[sdk=iphoneos*]" = "iPhone Developer";
				COPY_PHASE_STRIP = YES;
				GCC_C_LANGUAGE_STANDARD = gnu99;
				GCC_VERSION = com.apple.compilers.llvm.clang.1_0;
				GCC_WARN_ABOUT_RETURN_TYPE = YES;
				GCC_WARN_UNINITIALIZED_AUTOS = YES;
				GCC_WARN_UNUSED_VARIABLE = YES;
				IPHONEOS_DEPLOYMENT_TARGET = 5.1;
				OTHER_CFLAGS = "-DNS_BLOCK_ASSERTIONS=1";
				SDKROOT = iphoneos;
				VALIDATE_PRODUCT = YES;
			};
			name = Release;
		};
		BDE2B17C15C6AA64009E9F40 /* Debug */ = {
			isa = XCBuildConfiguration;
			buildSettings = {
				GCC_PRECOMPILE_PREFIX_HEADER = YES;
				GCC_PREFIX_HEADER = "CricketApplication/CricketApplication-Prefix.pch";
				INFOPLIST_FILE = "CricketApplication/CricketApplication-Info.plist";
				IPHONEOS_DEPLOYMENT_TARGET = 5.0;
				PRODUCT_NAME = "$(TARGET_NAME)";
				WRAPPER_EXTENSION = app;
			};
			name = Debug;
		};
		BDE2B17D15C6AA64009E9F40 /* Release */ = {
			isa = XCBuildConfiguration;
			buildSettings = {
				GCC_PRECOMPILE_PREFIX_HEADER = YES;
				GCC_PREFIX_HEADER = "CricketApplication/CricketApplication-Prefix.pch";
				INFOPLIST_FILE = "CricketApplication/CricketApplication-Info.plist";
				IPHONEOS_DEPLOYMENT_TARGET = 5.0;
				PRODUCT_NAME = "$(TARGET_NAME)";
				WRAPPER_EXTENSION = app;
			};
			name = Release;
		};
		BDE2B17F15C6AA65009E9F40 /* Debug */ = {
			isa = XCBuildConfiguration;
			buildSettings = {
				BUNDLE_LOADER = "$(BUILT_PRODUCTS_DIR)/CricketApplication.app/CricketApplication";
				FRAMEWORK_SEARCH_PATHS = (
					"\"$(SDKROOT)/Developer/Library/Frameworks\"",
					"\"$(DEVELOPER_LIBRARY_DIR)/Frameworks\"",
				);
				GCC_PRECOMPILE_PREFIX_HEADER = YES;
				GCC_PREFIX_HEADER = "CricketApplication/CricketApplication-Prefix.pch";
				INFOPLIST_FILE = "CricketApplicationTests/CricketApplicationTests-Info.plist";
				PRODUCT_NAME = "$(TARGET_NAME)";
				TEST_HOST = "$(BUNDLE_LOADER)";
				WRAPPER_EXTENSION = octest;
			};
			name = Debug;
		};
		BDE2B18015C6AA65009E9F40 /* Release */ = {
			isa = XCBuildConfiguration;
			buildSettings = {
				BUNDLE_LOADER = "$(BUILT_PRODUCTS_DIR)/CricketApplication.app/CricketApplication";
				FRAMEWORK_SEARCH_PATHS = (
					"\"$(SDKROOT)/Developer/Library/Frameworks\"",
					"\"$(DEVELOPER_LIBRARY_DIR)/Frameworks\"",
				);
				GCC_PRECOMPILE_PREFIX_HEADER = YES;
				GCC_PREFIX_HEADER = "CricketApplication/CricketApplication-Prefix.pch";
				INFOPLIST_FILE = "CricketApplicationTests/CricketApplicationTests-Info.plist";
				PRODUCT_NAME = "$(TARGET_NAME)";
				TEST_HOST = "$(BUNDLE_LOADER)";
				WRAPPER_EXTENSION = octest;
			};
			name = Release;
		};
/* End XCBuildConfiguration section */

/* Begin XCConfigurationList section */
		BDE2B13715C6AA63009E9F40 /* Build configuration list for PBXProject "CricketApplication" */ = {
			isa = XCConfigurationList;
			buildConfigurations = (
				BDE2B17915C6AA64009E9F40 /* Debug */,
				BDE2B17A15C6AA64009E9F40 /* Release */,
			);
			defaultConfigurationIsVisible = 0;
			defaultConfigurationName = Release;
		};
		BDE2B17B15C6AA64009E9F40 /* Build configuration list for PBXNativeTarget "CricketApplication" */ = {
			isa = XCConfigurationList;
			buildConfigurations = (
				BDE2B17C15C6AA64009E9F40 /* Debug */,
				BDE2B17D15C6AA64009E9F40 /* Release */,
			);
			defaultConfigurationIsVisible = 0;
			defaultConfigurationName = Release;
		};
		BDE2B17E15C6AA65009E9F40 /* Build configuration list for PBXNativeTarget "CricketApplicationTests" */ = {
			isa = XCConfigurationList;
			buildConfigurations = (
				BDE2B17F15C6AA65009E9F40 /* Debug */,
				BDE2B18015C6AA65009E9F40 /* Release */,
			);
			defaultConfigurationIsVisible = 0;
			defaultConfigurationName = Release;
		};
/* End XCConfigurationList section */
	};
	rootObject = BDE2B13415C6AA63009E9F40 /* Project object */;
}
